// !$*UTF8*$!
{
	archiveVersion = 1;
	classes = {
	};
	objectVersion = 55;
	objects = {

/* Begin PBXBuildFile section */
		1218255D2811F16C00FBC70D /* PageCell.swift in Sources */ = {isa = PBXBuildFile; fileRef = 1218255C2811F16C00FBC70D /* PageCell.swift */; };
		122CFCA6280CAEA8002D9545 /* AppDelegate.swift in Sources */ = {isa = PBXBuildFile; fileRef = 122CFCA5280CAEA8002D9545 /* AppDelegate.swift */; };
		122CFCA8280CAEA8002D9545 /* SceneDelegate.swift in Sources */ = {isa = PBXBuildFile; fileRef = 122CFCA7280CAEA8002D9545 /* SceneDelegate.swift */; };
		122CFCAA280CAEA8002D9545 /* ViewController.swift in Sources */ = {isa = PBXBuildFile; fileRef = 122CFCA9280CAEA8002D9545 /* ViewController.swift */; };
		122CFCAD280CAEA8002D9545 /* Main.storyboard in Resources */ = {isa = PBXBuildFile; fileRef = 122CFCAB280CAEA8002D9545 /* Main.storyboard */; };
		122CFCAF280CAEA9002D9545 /* Assets.xcassets in Resources */ = {isa = PBXBuildFile; fileRef = 122CFCAE280CAEA9002D9545 /* Assets.xcassets */; };
		122CFCB2280CAEA9002D9545 /* LaunchScreen.storyboard in Resources */ = {isa = PBXBuildFile; fileRef = 122CFCB0280CAEA9002D9545 /* LaunchScreen.storyboard */; };
		124CBD122811E07700862302 /* SwipingController.swift in Sources */ = {isa = PBXBuildFile; fileRef = 124CBD112811E07700862302 /* SwipingController.swift */; };
		12A6EC7828173303005282C0 /* PageModel.swift in Sources */ = {isa = PBXBuildFile; fileRef = 12A6EC7728173302005282C0 /* PageModel.swift */; };
/* End PBXBuildFile section */

/* Begin PBXFileReference section */
		1218255C2811F16C00FBC70D /* PageCell.swift */ = {isa = PBXFileReference; lastKnownFileType = sourcecode.swift; path = PageCell.swift; sourceTree = "<group>"; };
		122CFCA2280CAEA8002D9545 /* AutoLayoutProgrammatically.app */ = {isa = PBXFileReference; explicitFileType = wrapper.application; includeInIndex = 0; path = AutoLayoutProgrammatically.app; sourceTree = BUILT_PRODUCTS_DIR; };
		122CFCA5280CAEA8002D9545 /* AppDelegate.swift */ = {isa = PBXFileReference; lastKnownFileType = sourcecode.swift; path = AppDelegate.swift; sourceTree = "<group>"; };
		122CFCA7280CAEA8002D9545 /* SceneDelegate.swift */ = {isa = PBXFileReference; lastKnownFileType = sourcecode.swift; path = SceneDelegate.swift; sourceTree = "<group>"; };
		122CFCA9280CAEA8002D9545 /* ViewController.swift */ = {isa = PBXFileReference; lastKnownFileType = sourcecode.swift; path = ViewController.swift; sourceTree = "<group>"; };
		122CFCAC280CAEA8002D9545 /* Base */ = {isa = PBXFileReference; lastKnownFileType = file.storyboard; name = Base; path = Base.lproj/Main.storyboard; sourceTree = "<group>"; };
		122CFCAE280CAEA9002D9545 /* Assets.xcassets */ = {isa = PBXFileReference; lastKnownFileType = folder.assetcatalog; path = Assets.xcassets; sourceTree = "<group>"; };
		122CFCB1280CAEA9002D9545 /* Base */ = {isa = PBXFileReference; lastKnownFileType = file.storyboard; name = Base; path = Base.lproj/LaunchScreen.storyboard; sourceTree = "<group>"; };
		122CFCB3280CAEA9002D9545 /* Info.plist */ = {isa = PBXFileReference; lastKnownFileType = text.plist.xml; path = Info.plist; sourceTree = "<group>"; };
		124CBD112811E07700862302 /* SwipingController.swift */ = {isa = PBXFileReference; lastKnownFileType = sourcecode.swift; path = SwipingController.swift; sourceTree = "<group>"; };
		12A6EC7728173302005282C0 /* PageModel.swift */ = {isa = PBXFileReference; lastKnownFileType = sourcecode.swift; path = PageModel.swift; sourceTree = "<group>"; };
/* End PBXFileReference section */

/* Begin PBXFrameworksBuildPhase section */
		122CFC9F280CAEA8002D9545 /* Frameworks */ = {
			isa = PBXFrameworksBuildPhase;
			buildActionMask = 2147483647;
			files = (
			);
			runOnlyForDeploymentPostprocessing = 0;
		};
/* End PBXFrameworksBuildPhase section */

/* Begin PBXGroup section */
		122CFC99280CAEA8002D9545 = {
			isa = PBXGroup;
			children = (
				122CFCA4280CAEA8002D9545 /* AutoLayoutProgrammatically */,
				122CFCA3280CAEA8002D9545 /* Products */,
			);
			sourceTree = "<group>";
		};
		122CFCA3280CAEA8002D9545 /* Products */ = {
			isa = PBXGroup;
			children = (
				122CFCA2280CAEA8002D9545 /* AutoLayoutProgrammatically.app */,
			);
			name = Products;
			sourceTree = "<group>";
		};
		122CFCA4280CAEA8002D9545 /* AutoLayoutProgrammatically */ = {
			isa = PBXGroup;
			children = (
				122CFCA5280CAEA8002D9545 /* AppDelegate.swift */,
				122CFCA7280CAEA8002D9545 /* SceneDelegate.swift */,
				122CFCA9280CAEA8002D9545 /* ViewController.swift */,
				124CBD112811E07700862302 /* SwipingController.swift */,
				1218255C2811F16C00FBC70D /* PageCell.swift */,
				122CFCAB280CAEA8002D9545 /* Main.storyboard */,
				122CFCAE280CAEA9002D9545 /* Assets.xcassets */,
				122CFCB0280CAEA9002D9545 /* LaunchScreen.storyboard */,
				122CFCB3280CAEA9002D9545 /* Info.plist */,
				12A6EC7728173302005282C0 /* PageModel.swift */,
			);
			path = AutoLayoutProgrammatically;
			sourceTree = "<group>";
		};
/* End PBXGroup section */

/* Begin PBXNativeTarget section */
		122CFCA1280CAEA8002D9545 /* AutoLayoutProgrammatically */ = {
			isa = PBXNativeTarget;
			buildConfigurationList = 122CFCB6280CAEA9002D9545 /* Build configuration list for PBXNativeTarget "AutoLayoutProgrammatically" */;
			buildPhases = (
				122CFC9E280CAEA8002D9545 /* Sources */,
				122CFC9F280CAEA8002D9545 /* Frameworks */,
				122CFCA0280CAEA8002D9545 /* Resources */,
			);
			buildRules = (
			);
			dependencies = (
			);
			name = AutoLayoutProgrammatically;
			productName = AutoLayoutProgrammatically;
			productReference = 122CFCA2280CAEA8002D9545 /* AutoLayoutProgrammatically.app */;
			productType = "com.apple.product-type.application";
		};
/* End PBXNativeTarget section */

/* Begin PBXProject section */
		122CFC9A280CAEA8002D9545 /* Project object */ = {
			isa = PBXProject;
			attributes = {
				BuildIndependentTargetsInParallel = 1;
				LastSwiftUpdateCheck = 1310;
				LastUpgradeCheck = 1310;
				TargetAttributes = {
					122CFCA1280CAEA8002D9545 = {
						CreatedOnToolsVersion = 13.1;
					};
				};
			};
			buildConfigurationList = 122CFC9D280CAEA8002D9545 /* Build configuration list for PBXProject "AutoLayoutProgrammatically" */;
			compatibilityVersion = "Xcode 13.0";
			developmentRegion = en;
			hasScannedForEncodings = 0;
			knownRegions = (
				en,
				Base,
			);
			mainGroup = 122CFC99280CAEA8002D9545;
			productRefGroup = 122CFCA3280CAEA8002D9545 /* Products */;
			projectDirPath = "";
			projectRoot = "";
			targets = (
				122CFCA1280CAEA8002D9545 /* AutoLayoutProgrammatically */,
			);
		};
/* End PBXProject section */

/* Begin PBXResourcesBuildPhase section */
		122CFCA0280CAEA8002D9545 /* Resources */ = {
			isa = PBXResourcesBuildPhase;
			buildActionMask = 2147483647;
			files = (
				122CFCB2280CAEA9002D9545 /* LaunchScreen.storyboard in Resources */,
				122CFCAF280CAEA9002D9545 /* Assets.xcassets in Resources */,
				122CFCAD280CAEA8002D9545 /* Main.storyboard in Resources */,
			);
			runOnlyForDeploymentPostprocessing = 0;
		};
/* End PBXResourcesBuildPhase section */

/* Begin PBXSourcesBuildPhase section */
		122CFC9E280CAEA8002D9545 /* Sources */ = {
			isa = PBXSourcesBuildPhase;
			buildActionMask = 2147483647;
			files = (
				122CFCAA280CAEA8002D9545 /* ViewController.swift in Sources */,
				1218255D2811F16C00FBC70D /* PageCell.swift in Sources */,
				122CFCA6280CAEA8002D9545 /* AppDelegate.swift in Sources */,
				122CFCA8280CAEA8002D9545 /* SceneDelegate.swift in Sources */,
				12A6EC7828173303005282C0 /* PageModel.swift in Sources */,
				124CBD122811E07700862302 /* SwipingController.swift in Sources */,
			);
			runOnlyForDeploymentPostprocessing = 0;
		};
/* End PBXSourcesBuildPhase section */

/* Begin PBXVariantGroup section */
		122CFCAB280CAEA8002D9545 /* Main.storyboard */ = {
			isa = PBXVariantGroup;
			children = (
				122CFCAC280CAEA8002D9545 /* Base */,
			);
			name = Main.storyboard;
			sourceTree = "<group>";
		};
		122CFCB0280CAEA9002D9545 /* LaunchScreen.storyboard */ = {
			isa = PBXVariantGroup;
			children = (
				122CFCB1280CAEA9002D9545 /* Base */,
			);
			name = LaunchScreen.storyboard;
			sourceTree = "<group>";
		};
/* End PBXVariantGroup section */

/* Begin XCBuildConfiguration section */
		122CFCB4280CAEA9002D9545 /* Debug */ = {
			isa = XCBuildConfiguration;
			buildSettings = {
				ALWAYS_SEARCH_USER_PATHS = NO;
				CLANG_ANALYZER_NONNULL = YES;
				CLANG_ANALYZER_NUMBER_OBJECT_CONVERSION = YES_AGGRESSIVE;
				CLANG_CXX_LANGUAGE_STANDARD = "gnu++17";
				CLANG_CXX_LIBRARY = "libc++";
				CLANG_ENABLE_MODULES = YES;
				CLANG_ENABLE_OBJC_ARC = YES;
				CLANG_ENABLE_OBJC_WEAK = YES;
				CLANG_WARN_BLOCK_CAPTURE_AUTORELEASING = YES;
				CLANG_WARN_BOOL_CONVERSION = YES;
				CLANG_WARN_COMMA = YES;
				CLANG_WARN_CONSTANT_CONVERSION = YES;
				CLANG_WARN_DEPRECATED_OBJC_IMPLEMENTATIONS = YES;
				CLANG_WARN_DIRECT_OBJC_ISA_USAGE = YES_ERROR;
				CLANG_WARN_DOCUMENTATION_COMMENTS = YES;
				CLANG_WARN_EMPTY_BODY = YES;
				CLANG_WARN_ENUM_CONVERSION = YES;
				CLANG_WARN_INFINITE_RECURSION = YES;
				CLANG_WARN_INT_CONVERSION = YES;
				CLANG_WARN_NON_LITERAL_NULL_CONVERSION = YES;
				CLANG_WARN_OBJC_IMPLICIT_RETAIN_SELF = YES;
				CLANG_WARN_OBJC_LITERAL_CONVERSION = YES;
				CLANG_WARN_OBJC_ROOT_CLASS = YES_ERROR;
				CLANG_WARN_QUOTED_INCLUDE_IN_FRAMEWORK_HEADER = YES;
				CLANG_WARN_RANGE_LOOP_ANALYSIS = YES;
				CLANG_WARN_STRICT_PROTOTYPES = YES;
				CLANG_WARN_SUSPICIOUS_MOVE = YES;
				CLANG_WARN_UNGUARDED_AVAILABILITY = YES_AGGRESSIVE;
				CLANG_WARN_UNREACHABLE_CODE = YES;
				CLANG_WARN__DUPLICATE_METHOD_MATCH = YES;
				COPY_PHASE_STRIP = NO;
				DEBUG_INFORMATION_FORMAT = dwarf;
				ENABLE_STRICT_OBJC_MSGSEND = YES;
				ENABLE_TESTABILITY = YES;
				GCC_C_LANGUAGE_STANDARD = gnu11;
				GCC_DYNAMIC_NO_PIC = NO;
				GCC_NO_COMMON_BLOCKS = YES;
				GCC_OPTIMIZATION_LEVEL = 0;
				GCC_PREPROCESSOR_DEFINITIONS = (
					"DEBUG=1",
					"$(inherited)",
				);
				GCC_WARN_64_TO_32_BIT_CONVERSION = YES;
				GCC_WARN_ABOUT_RETURN_TYPE = YES_ERROR;
				GCC_WARN_UNDECLARED_SELECTOR = YES;
				GCC_WARN_UNINITIALIZED_AUTOS = YES_AGGRESSIVE;
				GCC_WARN_UNUSED_FUNCTION = YES;
				GCC_WARN_UNUSED_VARIABLE = YES;
				IPHONEOS_DEPLOYMENT_TARGET = 15.0;
				MTL_ENABLE_DEBUG_INFO = INCLUDE_SOURCE;
				MTL_FAST_MATH = YES;
				ONLY_ACTIVE_ARCH = YES;
				SDKROOT = iphoneos;
				SWIFT_ACTIVE_COMPILATION_CONDITIONS = DEBUG;
				SWIFT_OPTIMIZATION_LEVEL = "-Onone";
			};
			name = Debug;
		};
		122CFCB5280CAEA9002D9545 /* Release */ = {
			isa = XCBuildConfiguration;
			buildSettings = {
				ALWAYS_SEARCH_USER_PATHS = NO;
				CLANG_ANALYZER_NONNULL = YES;
				CLANG_ANALYZER_NUMBER_OBJECT_CONVERSION = YES_AGGRESSIVE;
				CLANG_CXX_LANGUAGE_STANDARD = "gnu++17";
				CLANG_CXX_LIBRARY = "libc++";
				CLANG_ENABLE_MODULES = YES;
				CLANG_ENABLE_OBJC_ARC = YES;
				CLANG_ENABLE_OBJC_WEAK = YES;
				CLANG_WARN_BLOCK_CAPTURE_AUTORELEASING = YES;
				CLANG_WARN_BOOL_CONVERSION = YES;
				CLANG_WARN_COMMA = YES;
				CLANG_WARN_CONSTANT_CONVERSION = YES;
				CLANG_WARN_DEPRECATED_OBJC_IMPLEMENTATIONS = YES;
				CLANG_WARN_DIRECT_OBJC_ISA_USAGE = YES_ERROR;
				CLANG_WARN_DOCUMENTATION_COMMENTS = YES;
				CLANG_WARN_EMPTY_BODY = YES;
				CLANG_WARN_ENUM_CONVERSION = YES;
				CLANG_WARN_INFINITE_RECURSION = YES;
				CLANG_WARN_INT_CONVERSION = YES;
				CLANG_WARN_NON_LITERAL_NULL_CONVERSION = YES;
				CLANG_WARN_OBJC_IMPLICIT_RETAIN_SELF = YES;
				CLANG_WARN_OBJC_LITERAL_CONVERSION = YES;
				CLANG_WARN_OBJC_ROOT_CLASS = YES_ERROR;
				CLANG_WARN_QUOTED_INCLUDE_IN_FRAMEWORK_HEADER = YES;
				CLANG_WARN_RANGE_LOOP_ANALYSIS = YES;
				CLANG_WARN_STRICT_PROTOTYPES = YES;
				CLANG_WARN_SUSPICIOUS_MOVE = YES;
				CLANG_WARN_UNGUARDED_AVAILABILITY = YES_AGGRESSIVE;
				CLANG_WARN_UNREACHABLE_CODE = YES;
				CLANG_WARN__DUPLICATE_METHOD_MATCH = YES;
				COPY_PHASE_STRIP = NO;
				DEBUG_INFORMATION_FORMAT = "dwarf-with-dsym";
				ENABLE_NS_ASSERTIONS = NO;
				ENABLE_STRICT_OBJC_MSGSEND = YES;
				GCC_C_LANGUAGE_STANDARD = gnu11;
				GCC_NO_COMMON_BLOCKS = YES;
				GCC_WARN_64_TO_32_BIT_CONVERSION = YES;
				GCC_WARN_ABOUT_RETURN_TYPE = YES_ERROR;
				GCC_WARN_UNDECLARED_SELECTOR = YES;
				GCC_WARN_UNINITIALIZED_AUTOS = YES_AGGRESSIVE;
				GCC_WARN_UNUSED_FUNCTION = YES;
				GCC_WARN_UNUSED_VARIABLE = YES;
				IPHONEOS_DEPLOYMENT_TARGET = 15.0;
				MTL_ENABLE_DEBUG_INFO = NO;
				MTL_FAST_MATH = YES;
				SDKROOT = iphoneos;
				SWIFT_COMPILATION_MODE = wholemodule;
				SWIFT_OPTIMIZATION_LEVEL = "-O";
				VALIDATE_PRODUCT = YES;
			};
			name = Release;
		};
		122CFCB7280CAEA9002D9545 /* Debug */ = {
			isa = XCBuildConfiguration;
			buildSettings = {
				ASSETCATALOG_COMPILER_APPICON_NAME = AppIcon;
				ASSETCATALOG_COMPILER_GLOBAL_ACCENT_COLOR_NAME = AccentColor;
				CODE_SIGN_STYLE = Automatic;
				CURRENT_PROJECT_VERSION = 1;
				DEVELOPMENT_TEAM = X898K49UV8;
				GENERATE_INFOPLIST_FILE = YES;
				INFOPLIST_FILE = AutoLayoutProgrammatically/Info.plist;
				INFOPLIST_KEY_UIApplicationSupportsIndirectInputEvents = YES;
				INFOPLIST_KEY_UILaunchStoryboardName = LaunchScreen;
				INFOPLIST_KEY_UIMainStoryboardFile = Main;
				INFOPLIST_KEY_UISupportedInterfaceOrientations_iPad = "UIInterfaceOrientationPortrait UIInterfaceOrientationPortraitUpsideDown UIInterfaceOrientationLandscapeLeft UIInterfaceOrientationLandscapeRight";
				INFOPLIST_KEY_UISupportedInterfaceOrientations_iPhone = "UIInterfaceOrientationPortrait UIInterfaceOrientationLandscapeLeft UIInterfaceOrientationLandscapeRight";
				LD_RUNPATH_SEARCH_PATHS = (
					"$(inherited)",
					"@executable_path/Frameworks",
				);
				MARKETING_VERSION = 1.0;
				PRODUCT_BUNDLE_IDENTIFIER = com.monas.AutoLayoutProgrammatically;
				PRODUCT_NAME = "$(TARGET_NAME)";
				SWIFT_EMIT_LOC_STRINGS = YES;
				SWIFT_VERSION = 5.0;
				TARGETED_DEVICE_FAMILY = "1,2";
			};
			name = Debug;
		};
		122CFCB8280CAEA9002D9545 /* Release */ = {
			isa = XCBuildConfiguration;
			buildSettings = {
				ASSETCATALOG_COMPILER_APPICON_NAME = AppIcon;
				ASSETCATALOG_COMPILER_GLOBAL_ACCENT_COLOR_NAME = AccentColor;
				CODE_SIGN_STYLE = Automatic;
				CURRENT_PROJECT_VERSION = 1;
				DEVELOPMENT_TEAM = X898K49UV8;
				GENERATE_INFOPLIST_FILE = YES;
				INFOPLIST_FILE = AutoLayoutProgrammatically/Info.plist;
				INFOPLIST_KEY_UIApplicationSupportsIndirectInputEvents = YES;
				INFOPLIST_KEY_UILaunchStoryboardName = LaunchScreen;
				INFOPLIST_KEY_UIMainStoryboardFile = Main;
				INFOPLIST_KEY_UISupportedInterfaceOrientations_iPad = "UIInterfaceOrientationPortrait UIInterfaceOrientationPortraitUpsideDown UIInterfaceOrientationLandscapeLeft UIInterfaceOrientationLandscapeRight";
				INFOPLIST_KEY_UISupportedInterfaceOrientations_iPhone = "UIInterfaceOrientationPortrait UIInterfaceOrientationLandscapeLeft UIInterfaceOrientationLandscapeRight";
				LD_RUNPATH_SEARCH_PATHS = (
					"$(inherited)",
					"@executable_path/Frameworks",
				);
				MARKETING_VERSION = 1.0;
				PRODUCT_BUNDLE_IDENTIFIER = com.monas.AutoLayoutProgrammatically;
				PRODUCT_NAME = "$(TARGET_NAME)";
				SWIFT_EMIT_LOC_STRINGS = YES;
				SWIFT_VERSION = 5.0;
				TARGETED_DEVICE_FAMILY = "1,2";
			};
			name = Release;
		};
/* End XCBuildConfiguration section */

/* Begin XCConfigurationList section */
		122CFC9D280CAEA8002D9545 /* Build configuration list for PBXProject "AutoLayoutProgrammatically" */ = {
			isa = XCConfigurationList;
			buildConfigurations = (
				122CFCB4280CAEA9002D9545 /* Debug */,
				122CFCB5280CAEA9002D9545 /* Release */,
			);
			defaultConfigurationIsVisible = 0;
			defaultConfigurationName = Release;
		};
		122CFCB6280CAEA9002D9545 /* Build configuration list for PBXNativeTarget "AutoLayoutProgrammatically" */ = {
			isa = XCConfigurationList;
			buildConfigurations = (
				122CFCB7280CAEA9002D9545 /* Debug */,
				122CFCB8280CAEA9002D9545 /* Release */,
			);
			defaultConfigurationIsVisible = 0;
			defaultConfigurationName = Release;
		};
/* End XCConfigurationList section */
	};
	rootObject = 122CFC9A280CAEA8002D9545 /* Project object */;
}
